
Microsoft Visual Studio Solution File, Format Version 12.00
# Visual Studio Version 16
VisualStudioVersion = 16.0.30621.155
MinimumVisualStudioVersion = 10.0.40219.1
Project("{FAE04EC0-301F-11D3-BF4B-00C04F79EFBC}") = "Demo", "Demo\Demo.csproj", "{4BF52EB3-7269-42F0-9D21-AB452A1333B5}"
EndProject
Project("{FAE04EC0-301F-11D3-BF4B-00C04F79EFBC}") = "ex1 Average", "Demo-2\ex1 Average.csproj", "{F9F1C5EC-E10D-466C-9B5A-C0A61EDA97CA}"
EndProject
Global
	GlobalSection(SolutionConfigurationPlatforms) = preSolution
		Debug|Any CPU = Debug|Any CPU
		Release|Any CPU = Release|Any CPU
	EndGlobalSection
	GlobalSection(ProjectConfigurationPlatforms) = postSolution
		{4BF52EB3-7269-42F0-9D21-AB452A1333B5}.Debug|Any CPU.ActiveCfg = Debug|Any CPU
		{4BF52EB3-7269-42F0-9D21-AB452A1333B5}.Debug|Any CPU.Build.0 = Debug|Any CPU
		{4BF52EB3-7269-42F0-9D21-AB452A1333B5}.Release|Any CPU.ActiveCfg = Release|Any CPU
		{4BF52EB3-7269-42F0-9D21-AB452A1333B5}.Release|Any CPU.Build.0 = Release|Any CPU
		{F9F1C5EC-E10D-466C-9B5A-C0A61EDA97CA}.Debug|Any CPU.ActiveCfg = Debug|Any CPU
		{F9F1C5EC-E10D-466C-9B5A-C0A61EDA97CA}.Debug|Any CPU.Build.0 = Debug|Any CPU
		{F9F1C5EC-E10D-466C-9B5A-C0A61EDA97CA}.Release|Any CPU.ActiveCfg = Release|Any CPU
		{F9F1C5EC-E10D-466C-9B5A-C0A61EDA97CA}.Release|Any CPU.Build.0 = Release|Any CPU
	EndGlobalSection
	GlobalSection(SolutionProperties) = preSolution
		HideSolutionNode = FALSE
	EndGlobalSection
	GlobalSection(ExtensibilityGlobals) = postSolution
		SolutionGuid = {6CEB5967-8DA6-4B2E-9625-4D4E9EBB40B2}
	EndGlobalSection
EndGlobal
