
Microsoft Visual Studio Solution File, Format Version 12.00
# Visual Studio Version 16
VisualStudioVersion = 16.0.30621.155
MinimumVisualStudioVersion = 10.0.40219.1
Project("{FAE04EC0-301F-11D3-BF4B-00C04F79EFBC}") = "ex1", "ex1\ex1.csproj", "{17E14AA8-767B-4D89-937E-1B794D480E99}"
EndProject
Project("{FAE04EC0-301F-11D3-BF4B-00C04F79EFBC}") = "ex2", "ex2\ex2.csproj", "{3043DC15-4B2A-49A5-9F11-54537443666F}"
EndProject
Project("{FAE04EC0-301F-11D3-BF4B-00C04F79EFBC}") = "ex3 list", "ex3 list\ex3 list.csproj", "{63995314-EBAE-457F-B571-9DA0208CBEE3}"
EndProject
Project("{FAE04EC0-301F-11D3-BF4B-00C04F79EFBC}") = "съкратени думи", "съкратени думи\съкратени думи.csproj", "{D0DD3E4F-412A-4D77-BA03-EEA3B3BD3B6F}"
EndProject
Project("{FAE04EC0-301F-11D3-BF4B-00C04F79EFBC}") = "Изпитна задача No1", "Изпитна задача No1\Изпитна задача No1.csproj", "{B8506A6A-A996-4108-916F-9FFC4DF81EF2}"
EndProject
Project("{FAE04EC0-301F-11D3-BF4B-00C04F79EFBC}") = "изпитна 2", "изпитна 2\изпитна 2.csproj", "{49F84BE0-5004-4B0B-9FB3-34269E331DE3}"
EndProject
Project("{FAE04EC0-301F-11D3-BF4B-00C04F79EFBC}") = "words game", "words game\words game.csproj", "{1DF201A5-2412-4EB9-916F-AB7F15A38783}"
EndProject
Project("{FAE04EC0-301F-11D3-BF4B-00C04F79EFBC}") = "ex3 2020 exam", "ex3 2020 exam\ex3 2020 exam.csproj", "{DAF116F1-1171-4A30-95C1-41F1AE1B523A}"
EndProject
Global
	GlobalSection(SolutionConfigurationPlatforms) = preSolution
		Debug|Any CPU = Debug|Any CPU
		Release|Any CPU = Release|Any CPU
	EndGlobalSection
	GlobalSection(ProjectConfigurationPlatforms) = postSolution
		{17E14AA8-767B-4D89-937E-1B794D480E99}.Debug|Any CPU.ActiveCfg = Debug|Any CPU
		{17E14AA8-767B-4D89-937E-1B794D480E99}.Debug|Any CPU.Build.0 = Debug|Any CPU
		{17E14AA8-767B-4D89-937E-1B794D480E99}.Release|Any CPU.ActiveCfg = Release|Any CPU
		{17E14AA8-767B-4D89-937E-1B794D480E99}.Release|Any CPU.Build.0 = Release|Any CPU
		{3043DC15-4B2A-49A5-9F11-54537443666F}.Debug|Any CPU.ActiveCfg = Debug|Any CPU
		{3043DC15-4B2A-49A5-9F11-54537443666F}.Debug|Any CPU.Build.0 = Debug|Any CPU
		{3043DC15-4B2A-49A5-9F11-54537443666F}.Release|Any CPU.ActiveCfg = Release|Any CPU
		{3043DC15-4B2A-49A5-9F11-54537443666F}.Release|Any CPU.Build.0 = Release|Any CPU
		{63995314-EBAE-457F-B571-9DA0208CBEE3}.Debug|Any CPU.ActiveCfg = Debug|Any CPU
		{63995314-EBAE-457F-B571-9DA0208CBEE3}.Debug|Any CPU.Build.0 = Debug|Any CPU
		{63995314-EBAE-457F-B571-9DA0208CBEE3}.Release|Any CPU.ActiveCfg = Release|Any CPU
		{63995314-EBAE-457F-B571-9DA0208CBEE3}.Release|Any CPU.Build.0 = Release|Any CPU
		{D0DD3E4F-412A-4D77-BA03-EEA3B3BD3B6F}.Debug|Any CPU.ActiveCfg = Debug|Any CPU
		{D0DD3E4F-412A-4D77-BA03-EEA3B3BD3B6F}.Debug|Any CPU.Build.0 = Debug|Any CPU
		{D0DD3E4F-412A-4D77-BA03-EEA3B3BD3B6F}.Release|Any CPU.ActiveCfg = Release|Any CPU
		{D0DD3E4F-412A-4D77-BA03-EEA3B3BD3B6F}.Release|Any CPU.Build.0 = Release|Any CPU
		{B8506A6A-A996-4108-916F-9FFC4DF81EF2}.Debug|Any CPU.ActiveCfg = Debug|Any CPU
		{B8506A6A-A996-4108-916F-9FFC4DF81EF2}.Debug|Any CPU.Build.0 = Debug|Any CPU
		{B8506A6A-A996-4108-916F-9FFC4DF81EF2}.Release|Any CPU.ActiveCfg = Release|Any CPU
		{B8506A6A-A996-4108-916F-9FFC4DF81EF2}.Release|Any CPU.Build.0 = Release|Any CPU
		{49F84BE0-5004-4B0B-9FB3-34269E331DE3}.Debug|Any CPU.ActiveCfg = Debug|Any CPU
		{49F84BE0-5004-4B0B-9FB3-34269E331DE3}.Debug|Any CPU.Build.0 = Debug|Any CPU
		{49F84BE0-5004-4B0B-9FB3-34269E331DE3}.Release|Any CPU.ActiveCfg = Release|Any CPU
		{49F84BE0-5004-4B0B-9FB3-34269E331DE3}.Release|Any CPU.Build.0 = Release|Any CPU
		{1DF201A5-2412-4EB9-916F-AB7F15A38783}.Debug|Any CPU.ActiveCfg = Debug|Any CPU
		{1DF201A5-2412-4EB9-916F-AB7F15A38783}.Debug|Any CPU.Build.0 = Debug|Any CPU
		{1DF201A5-2412-4EB9-916F-AB7F15A38783}.Release|Any CPU.ActiveCfg = Release|Any CPU
		{1DF201A5-2412-4EB9-916F-AB7F15A38783}.Release|Any CPU.Build.0 = Release|Any CPU
		{DAF116F1-1171-4A30-95C1-41F1AE1B523A}.Debug|Any CPU.ActiveCfg = Debug|Any CPU
		{DAF116F1-1171-4A30-95C1-41F1AE1B523A}.Debug|Any CPU.Build.0 = Debug|Any CPU
		{DAF116F1-1171-4A30-95C1-41F1AE1B523A}.Release|Any CPU.ActiveCfg = Release|Any CPU
		{DAF116F1-1171-4A30-95C1-41F1AE1B523A}.Release|Any CPU.Build.0 = Release|Any CPU
	EndGlobalSection
	GlobalSection(SolutionProperties) = preSolution
		HideSolutionNode = FALSE
	EndGlobalSection
	GlobalSection(ExtensibilityGlobals) = postSolution
		SolutionGuid = {A8176891-C615-4C2E-8041-F42E6B741FF6}
	EndGlobalSection
EndGlobal
